
Microsoft Visual Studio Solution File, Format Version 12.00
# Visual Studio 15
VisualStudioVersion = 15.0.27130.2026
MinimumVisualStudioVersion = 10.0.40219.1
Project("{FAE04EC0-301F-11D3-BF4B-00C04F79EFBC}") = "InfiniteScrollingDemo.Android", "InfiniteScrollingDemo\InfiniteScrollingDemo.Android\InfiniteScrollingDemo.Android.csproj", "{AAAB9BD2-4833-414D-B460-EB9776D6BA71}"
EndProject
Project("{FAE04EC0-301F-11D3-BF4B-00C04F79EFBC}") = "InfiniteScrollingDemo.iOS", "InfiniteScrollingDemo\InfiniteScrollingDemo.iOS\InfiniteScrollingDemo.iOS.csproj", "{F39D13F2-C82C-45EB-983B-C857EC39121D}"
EndProject
Project("{FAE04EC0-301F-11D3-BF4B-00C04F79EFBC}") = "InfiniteScrollingDemo.UWP", "InfiniteScrollingDemo\InfiniteScrollingDemo.UWP\InfiniteScrollingDemo.UWP.csproj", "{8BBF10B0-014B-4DFB-B800-CCC6611E7AB6}"
EndProject
Project("{FAE04EC0-301F-11D3-BF4B-00C04F79EFBC}") = "InfiniteScrollingDemo", "InfiniteScrollingDemo\InfiniteScrollingDemo\InfiniteScrollingDemo.csproj", "{BBCF703E-DEC7-4D98-AC6F-68BFAF121EB8}"
EndProject
Global
	GlobalSection(SolutionConfigurationPlatforms) = preSolution
		Ad-Hoc|Any CPU = Ad-Hoc|Any CPU
		Ad-Hoc|ARM = Ad-Hoc|ARM
		Ad-Hoc|iPhone = Ad-Hoc|iPhone
		Ad-Hoc|iPhoneSimulator = Ad-Hoc|iPhoneSimulator
		Ad-Hoc|x64 = Ad-Hoc|x64
		Ad-Hoc|x86 = Ad-Hoc|x86
		AppStore|Any CPU = AppStore|Any CPU
		AppStore|ARM = AppStore|ARM
		AppStore|iPhone = AppStore|iPhone
		AppStore|iPhoneSimulator = AppStore|iPhoneSimulator
		AppStore|x64 = AppStore|x64
		AppStore|x86 = AppStore|x86
		Debug|Any CPU = Debug|Any CPU
		Debug|ARM = Debug|ARM
		Debug|iPhone = Debug|iPhone
		Debug|iPhoneSimulator = Debug|iPhoneSimulator
		Debug|x64 = Debug|x64
		Debug|x86 = Debug|x86
		Release|Any CPU = Release|Any CPU
		Release|ARM = Release|ARM
		Release|iPhone = Release|iPhone
		Release|iPhoneSimulator = Release|iPhoneSimulator
		Release|x64 = Release|x64
		Release|x86 = Release|x86
	EndGlobalSection
	GlobalSection(ProjectConfigurationPlatforms) = postSolution
		{AAAB9BD2-4833-414D-B460-EB9776D6BA71}.Ad-Hoc|Any CPU.ActiveCfg = Release|Any CPU
		{AAAB9BD2-4833-414D-B460-EB9776D6BA71}.Ad-Hoc|Any CPU.Build.0 = Release|Any CPU
		{AAAB9BD2-4833-414D-B460-EB9776D6BA71}.Ad-Hoc|Any CPU.Deploy.0 = Release|Any CPU
		{AAAB9BD2-4833-414D-B460-EB9776D6BA71}.Ad-Hoc|ARM.ActiveCfg = Release|Any CPU
		{AAAB9BD2-4833-414D-B460-EB9776D6BA71}.Ad-Hoc|ARM.Build.0 = Release|Any CPU
		{AAAB9BD2-4833-414D-B460-EB9776D6BA71}.Ad-Hoc|ARM.Deploy.0 = Release|Any CPU
		{AAAB9BD2-4833-414D-B460-EB9776D6BA71}.Ad-Hoc|iPhone.ActiveCfg = Release|Any CPU
		{AAAB9BD2-4833-414D-B460-EB9776D6BA71}.Ad-Hoc|iPhone.Build.0 = Release|Any CPU
		{AAAB9BD2-4833-414D-B460-EB9776D6BA71}.Ad-Hoc|iPhone.Deploy.0 = Release|Any CPU
		{AAAB9BD2-4833-414D-B460-EB9776D6BA71}.Ad-Hoc|iPhoneSimulator.ActiveCfg = Release|Any CPU
		{AAAB9BD2-4833-414D-B460-EB9776D6BA71}.Ad-Hoc|iPhoneSimulator.Build.0 = Release|Any CPU
		{AAAB9BD2-4833-414D-B460-EB9776D6BA71}.Ad-Hoc|iPhoneSimulator.Deploy.0 = Release|Any CPU
		{AAAB9BD2-4833-414D-B460-EB9776D6BA71}.Ad-Hoc|x64.ActiveCfg = Release|Any CPU
		{AAAB9BD2-4833-414D-B460-EB9776D6BA71}.Ad-Hoc|x64.Build.0 = Release|Any CPU
		{AAAB9BD2-4833-414D-B460-EB9776D6BA71}.Ad-Hoc|x64.Deploy.0 = Release|Any CPU
		{AAAB9BD2-4833-414D-B460-EB9776D6BA71}.Ad-Hoc|x86.ActiveCfg = Release|Any CPU
		{AAAB9BD2-4833-414D-B460-EB9776D6BA71}.Ad-Hoc|x86.Build.0 = Release|Any CPU
		{AAAB9BD2-4833-414D-B460-EB9776D6BA71}.Ad-Hoc|x86.Deploy.0 = Release|Any CPU
		{AAAB9BD2-4833-414D-B460-EB9776D6BA71}.AppStore|Any CPU.ActiveCfg = Release|Any CPU
		{AAAB9BD2-4833-414D-B460-EB9776D6BA71}.AppStore|Any CPU.Build.0 = Release|Any CPU
		{AAAB9BD2-4833-414D-B460-EB9776D6BA71}.AppStore|Any CPU.Deploy.0 = Release|Any CPU
		{AAAB9BD2-4833-414D-B460-EB9776D6BA71}.AppStore|ARM.ActiveCfg = Release|Any CPU
		{AAAB9BD2-4833-414D-B460-EB9776D6BA71}.AppStore|ARM.Build.0 = Release|Any CPU
		{AAAB9BD2-4833-414D-B460-EB9776D6BA71}.AppStore|ARM.Deploy.0 = Release|Any CPU
		{AAAB9BD2-4833-414D-B460-EB9776D6BA71}.AppStore|iPhone.ActiveCfg = Release|Any CPU
		{AAAB9BD2-4833-414D-B460-EB9776D6BA71}.AppStore|iPhone.Build.0 = Release|Any CPU
		{AAAB9BD2-4833-414D-B460-EB9776D6BA71}.AppStore|iPhone.Deploy.0 = Release|Any CPU
		{AAAB9BD2-4833-414D-B460-EB9776D6BA71}.AppStore|iPhoneSimulator.ActiveCfg = Release|Any CPU
		{AAAB9BD2-4833-414D-B460-EB9776D6BA71}.AppStore|iPhoneSimulator.Build.0 = Release|Any CPU
		{AAAB9BD2-4833-414D-B460-EB9776D6BA71}.AppStore|iPhoneSimulator.Deploy.0 = Release|Any CPU
		{AAAB9BD2-4833-414D-B460-EB9776D6BA71}.AppStore|x64.ActiveCfg = Release|Any CPU
		{AAAB9BD2-4833-414D-B460-EB9776D6BA71}.AppStore|x64.Build.0 = Release|Any CPU
		{AAAB9BD2-4833-414D-B460-EB9776D6BA71}.AppStore|x64.Deploy.0 = Release|Any CPU
		{AAAB9BD2-4833-414D-B460-EB9776D6BA71}.AppStore|x86.ActiveCfg = Release|Any CPU
		{AAAB9BD2-4833-414D-B460-EB9776D6BA71}.AppStore|x86.Build.0 = Release|Any CPU
		{AAAB9BD2-4833-414D-B460-EB9776D6BA71}.AppStore|x86.Deploy.0 = Release|Any CPU
		{AAAB9BD2-4833-414D-B460-EB9776D6BA71}.Debug|Any CPU.ActiveCfg = Debug|Any CPU
		{AAAB9BD2-4833-414D-B460-EB9776D6BA71}.Debug|Any CPU.Build.0 = Debug|Any CPU
		{AAAB9BD2-4833-414D-B460-EB9776D6BA71}.Debug|Any CPU.Deploy.0 = Debug|Any CPU
		{AAAB9BD2-4833-414D-B460-EB9776D6BA71}.Debug|ARM.ActiveCfg = Debug|Any CPU
		{AAAB9BD2-4833-414D-B460-EB9776D6BA71}.Debug|ARM.Build.0 = Debug|Any CPU
		{AAAB9BD2-4833-414D-B460-EB9776D6BA71}.Debug|ARM.Deploy.0 = Debug|Any CPU
		{AAAB9BD2-4833-414D-B460-EB9776D6BA71}.Debug|iPhone.ActiveCfg = Debug|Any CPU
		{AAAB9BD2-4833-414D-B460-EB9776D6BA71}.Debug|iPhone.Build.0 = Debug|Any CPU
		{AAAB9BD2-4833-414D-B460-EB9776D6BA71}.Debug|iPhone.Deploy.0 = Debug|Any CPU
		{AAAB9BD2-4833-414D-B460-EB9776D6BA71}.Debug|iPhoneSimulator.ActiveCfg = Debug|Any CPU
		{AAAB9BD2-4833-414D-B460-EB9776D6BA71}.Debug|iPhoneSimulator.Build.0 = Debug|Any CPU
		{AAAB9BD2-4833-414D-B460-EB9776D6BA71}.Debug|iPhoneSimulator.Deploy.0 = Debug|Any CPU
		{AAAB9BD2-4833-414D-B460-EB9776D6BA71}.Debug|x64.ActiveCfg = Debug|Any CPU
		{AAAB9BD2-4833-414D-B460-EB9776D6BA71}.Debug|x64.Build.0 = Debug|Any CPU
		{AAAB9BD2-4833-414D-B460-EB9776D6BA71}.Debug|x64.Deploy.0 = Debug|Any CPU
		{AAAB9BD2-4833-414D-B460-EB9776D6BA71}.Debug|x86.ActiveCfg = Debug|Any CPU
		{AAAB9BD2-4833-414D-B460-EB9776D6BA71}.Debug|x86.Build.0 = Debug|Any CPU
		{AAAB9BD2-4833-414D-B460-EB9776D6BA71}.Debug|x86.Deploy.0 = Debug|Any CPU
		{AAAB9BD2-4833-414D-B460-EB9776D6BA71}.Release|Any CPU.ActiveCfg = Release|Any CPU
		{AAAB9BD2-4833-414D-B460-EB9776D6BA71}.Release|Any CPU.Build.0 = Release|Any CPU
		{AAAB9BD2-4833-414D-B460-EB9776D6BA71}.Release|Any CPU.Deploy.0 = Release|Any CPU
		{AAAB9BD2-4833-414D-B460-EB9776D6BA71}.Release|ARM.ActiveCfg = Release|Any CPU
		{AAAB9BD2-4833-414D-B460-EB9776D6BA71}.Release|ARM.Build.0 = Release|Any CPU
		{AAAB9BD2-4833-414D-B460-EB9776D6BA71}.Release|ARM.Deploy.0 = Release|Any CPU
		{AAAB9BD2-4833-414D-B460-EB9776D6BA71}.Release|iPhone.ActiveCfg = Release|Any CPU
		{AAAB9BD2-4833-414D-B460-EB9776D6BA71}.Release|iPhone.Build.0 = Release|Any CPU
		{AAAB9BD2-4833-414D-B460-EB9776D6BA71}.Release|iPhone.Deploy.0 = Release|Any CPU
		{AAAB9BD2-4833-414D-B460-EB9776D6BA71}.Release|iPhoneSimulator.ActiveCfg = Release|Any CPU
		{AAAB9BD2-4833-414D-B460-EB9776D6BA71}.Release|iPhoneSimulator.Build.0 = Release|Any CPU
		{AAAB9BD2-4833-414D-B460-EB9776D6BA71}.Release|iPhoneSimulator.Deploy.0 = Release|Any CPU
		{AAAB9BD2-4833-414D-B460-EB9776D6BA71}.Release|x64.ActiveCfg = Release|Any CPU
		{AAAB9BD2-4833-414D-B460-EB9776D6BA71}.Release|x64.Build.0 = Release|Any CPU
		{AAAB9BD2-4833-414D-B460-EB9776D6BA71}.Release|x64.Deploy.0 = Release|Any CPU
		{AAAB9BD2-4833-414D-B460-EB9776D6BA71}.Release|x86.ActiveCfg = Release|Any CPU
		{AAAB9BD2-4833-414D-B460-EB9776D6BA71}.Release|x86.Build.0 = Release|Any CPU
		{AAAB9BD2-4833-414D-B460-EB9776D6BA71}.Release|x86.Deploy.0 = Release|Any CPU
		{F39D13F2-C82C-45EB-983B-C857EC39121D}.Ad-Hoc|Any CPU.ActiveCfg = Ad-Hoc|iPhone
		{F39D13F2-C82C-45EB-983B-C857EC39121D}.Ad-Hoc|ARM.ActiveCfg = Ad-Hoc|iPhone
		{F39D13F2-C82C-45EB-983B-C857EC39121D}.Ad-Hoc|iPhone.ActiveCfg = Ad-Hoc|iPhone
		{F39D13F2-C82C-45EB-983B-C857EC39121D}.Ad-Hoc|iPhone.Build.0 = Ad-Hoc|iPhone
		{F39D13F2-C82C-45EB-983B-C857EC39121D}.Ad-Hoc|iPhoneSimulator.ActiveCfg = Ad-Hoc|iPhoneSimulator
		{F39D13F2-C82C-45EB-983B-C857EC39121D}.Ad-Hoc|iPhoneSimulator.Build.0 = Ad-Hoc|iPhoneSimulator
		{F39D13F2-C82C-45EB-983B-C857EC39121D}.Ad-Hoc|x64.ActiveCfg = Ad-Hoc|iPhone
		{F39D13F2-C82C-45EB-983B-C857EC39121D}.Ad-Hoc|x86.ActiveCfg = Ad-Hoc|iPhone
		{F39D13F2-C82C-45EB-983B-C857EC39121D}.AppStore|Any CPU.ActiveCfg = AppStore|iPhone
		{F39D13F2-C82C-45EB-983B-C857EC39121D}.AppStore|ARM.ActiveCfg = AppStore|iPhone
		{F39D13F2-C82C-45EB-983B-C857EC39121D}.AppStore|iPhone.ActiveCfg = AppStore|iPhone
		{F39D13F2-C82C-45EB-983B-C857EC39121D}.AppStore|iPhone.Build.0 = AppStore|iPhone
		{F39D13F2-C82C-45EB-983B-C857EC39121D}.AppStore|iPhoneSimulator.ActiveCfg = AppStore|iPhoneSimulator
		{F39D13F2-C82C-45EB-983B-C857EC39121D}.AppStore|iPhoneSimulator.Build.0 = AppStore|iPhoneSimulator
		{F39D13F2-C82C-45EB-983B-C857EC39121D}.AppStore|x64.ActiveCfg = AppStore|iPhone
		{F39D13F2-C82C-45EB-983B-C857EC39121D}.AppStore|x86.ActiveCfg = AppStore|iPhone
		{F39D13F2-C82C-45EB-983B-C857EC39121D}.Debug|Any CPU.ActiveCfg = Debug|iPhone
		{F39D13F2-C82C-45EB-983B-C857EC39121D}.Debug|ARM.ActiveCfg = Debug|iPhone
		{F39D13F2-C82C-45EB-983B-C857EC39121D}.Debug|iPhone.ActiveCfg = Debug|iPhone
		{F39D13F2-C82C-45EB-983B-C857EC39121D}.Debug|iPhone.Build.0 = Debug|iPhone
		{F39D13F2-C82C-45EB-983B-C857EC39121D}.Debug|iPhoneSimulator.ActiveCfg = Debug|iPhoneSimulator
		{F39D13F2-C82C-45EB-983B-C857EC39121D}.Debug|iPhoneSimulator.Build.0 = Debug|iPhoneSimulator
		{F39D13F2-C82C-45EB-983B-C857EC39121D}.Debug|x64.ActiveCfg = Debug|iPhone
		{F39D13F2-C82C-45EB-983B-C857EC39121D}.Debug|x86.ActiveCfg = Debug|iPhone
		{F39D13F2-C82C-45EB-983B-C857EC39121D}.Release|Any CPU.ActiveCfg = Release|iPhone
		{F39D13F2-C82C-45EB-983B-C857EC39121D}.Release|ARM.ActiveCfg = Release|iPhone
		{F39D13F2-C82C-45EB-983B-C857EC39121D}.Release|iPhone.ActiveCfg = Release|iPhone
		{F39D13F2-C82C-45EB-983B-C857EC39121D}.Release|iPhone.Build.0 = Release|iPhone
		{F39D13F2-C82C-45EB-983B-C857EC39121D}.Release|iPhoneSimulator.ActiveCfg = Release|iPhoneSimulator
		{F39D13F2-C82C-45EB-983B-C857EC39121D}.Release|iPhoneSimulator.Build.0 = Release|iPhoneSimulator
		{F39D13F2-C82C-45EB-983B-C857EC39121D}.Release|x64.ActiveCfg = Release|iPhone
		{F39D13F2-C82C-45EB-983B-C857EC39121D}.Release|x86.ActiveCfg = Release|iPhone
		{8BBF10B0-014B-4DFB-B800-CCC6611E7AB6}.Ad-Hoc|Any CPU.ActiveCfg = Release|x86
		{8BBF10B0-014B-4DFB-B800-CCC6611E7AB6}.Ad-Hoc|Any CPU.Build.0 = Release|x86
		{8BBF10B0-014B-4DFB-B800-CCC6611E7AB6}.Ad-Hoc|Any CPU.Deploy.0 = Release|x86
		{8BBF10B0-014B-4DFB-B800-CCC6611E7AB6}.Ad-Hoc|ARM.ActiveCfg = Release|ARM
		{8BBF10B0-014B-4DFB-B800-CCC6611E7AB6}.Ad-Hoc|ARM.Build.0 = Release|ARM
		{8BBF10B0-014B-4DFB-B800-CCC6611E7AB6}.Ad-Hoc|ARM.Deploy.0 = Release|ARM
		{8BBF10B0-014B-4DFB-B800-CCC6611E7AB6}.Ad-Hoc|iPhone.ActiveCfg = Release|x86
		{8BBF10B0-014B-4DFB-B800-CCC6611E7AB6}.Ad-Hoc|iPhone.Build.0 = Release|x86
		{8BBF10B0-014B-4DFB-B800-CCC6611E7AB6}.Ad-Hoc|iPhone.Deploy.0 = Release|x86
		{8BBF10B0-014B-4DFB-B800-CCC6611E7AB6}.Ad-Hoc|iPhoneSimulator.ActiveCfg = Release|x86
		{8BBF10B0-014B-4DFB-B800-CCC6611E7AB6}.Ad-Hoc|iPhoneSimulator.Build.0 = Release|x86
		{8BBF10B0-014B-4DFB-B800-CCC6611E7AB6}.Ad-Hoc|iPhoneSimulator.Deploy.0 = Release|x86
		{8BBF10B0-014B-4DFB-B800-CCC6611E7AB6}.Ad-Hoc|x64.ActiveCfg = Release|x64
		{8BBF10B0-014B-4DFB-B800-CCC6611E7AB6}.Ad-Hoc|x64.Build.0 = Release|x64
		{8BBF10B0-014B-4DFB-B800-CCC6611E7AB6}.Ad-Hoc|x64.Deploy.0 = Release|x64
		{8BBF10B0-014B-4DFB-B800-CCC6611E7AB6}.Ad-Hoc|x86.ActiveCfg = Release|x86
		{8BBF10B0-014B-4DFB-B800-CCC6611E7AB6}.Ad-Hoc|x86.Build.0 = Release|x86
		{8BBF10B0-014B-4DFB-B800-CCC6611E7AB6}.Ad-Hoc|x86.Deploy.0 = Release|x86
		{8BBF10B0-014B-4DFB-B800-CCC6611E7AB6}.AppStore|Any CPU.ActiveCfg = Release|x86
		{8BBF10B0-014B-4DFB-B800-CCC6611E7AB6}.AppStore|Any CPU.Build.0 = Release|x86
		{8BBF10B0-014B-4DFB-B800-CCC6611E7AB6}.AppStore|Any CPU.Deploy.0 = Release|x86
		{8BBF10B0-014B-4DFB-B800-CCC6611E7AB6}.AppStore|ARM.ActiveCfg = Release|ARM
		{8BBF10B0-014B-4DFB-B800-CCC6611E7AB6}.AppStore|ARM.Build.0 = Release|ARM
		{8BBF10B0-014B-4DFB-B800-CCC6611E7AB6}.AppStore|ARM.Deploy.0 = Release|ARM
		{8BBF10B0-014B-4DFB-B800-CCC6611E7AB6}.AppStore|iPhone.ActiveCfg = Release|x86
		{8BBF10B0-014B-4DFB-B800-CCC6611E7AB6}.AppStore|iPhone.Build.0 = Release|x86
		{8BBF10B0-014B-4DFB-B800-CCC6611E7AB6}.AppStore|iPhone.Deploy.0 = Release|x86
		{8BBF10B0-014B-4DFB-B800-CCC6611E7AB6}.AppStore|iPhoneSimulator.ActiveCfg = Release|x86
		{8BBF10B0-014B-4DFB-B800-CCC6611E7AB6}.AppStore|iPhoneSimulator.Build.0 = Release|x86
		{8BBF10B0-014B-4DFB-B800-CCC6611E7AB6}.AppStore|iPhoneSimulator.Deploy.0 = Release|x86
		{8BBF10B0-014B-4DFB-B800-CCC6611E7AB6}.AppStore|x64.ActiveCfg = Release|x64
		{8BBF10B0-014B-4DFB-B800-CCC6611E7AB6}.AppStore|x64.Build.0 = Release|x64
		{8BBF10B0-014B-4DFB-B800-CCC6611E7AB6}.AppStore|x64.Deploy.0 = Release|x64
		{8BBF10B0-014B-4DFB-B800-CCC6611E7AB6}.AppStore|x86.ActiveCfg = Release|x86
		{8BBF10B0-014B-4DFB-B800-CCC6611E7AB6}.AppStore|x86.Build.0 = Release|x86
		{8BBF10B0-014B-4DFB-B800-CCC6611E7AB6}.AppStore|x86.Deploy.0 = Release|x86
		{8BBF10B0-014B-4DFB-B800-CCC6611E7AB6}.Debug|Any CPU.ActiveCfg = Debug|x86
		{8BBF10B0-014B-4DFB-B800-CCC6611E7AB6}.Debug|ARM.ActiveCfg = Debug|ARM
		{8BBF10B0-014B-4DFB-B800-CCC6611E7AB6}.Debug|ARM.Build.0 = Debug|ARM
		{8BBF10B0-014B-4DFB-B800-CCC6611E7AB6}.Debug|ARM.Deploy.0 = Debug|ARM
		{8BBF10B0-014B-4DFB-B800-CCC6611E7AB6}.Debug|iPhone.ActiveCfg = Debug|x86
		{8BBF10B0-014B-4DFB-B800-CCC6611E7AB6}.Debug|iPhoneSimulator.ActiveCfg = Debug|x86
		{8BBF10B0-014B-4DFB-B800-CCC6611E7AB6}.Debug|x64.ActiveCfg = Debug|x64
		{8BBF10B0-014B-4DFB-B800-CCC6611E7AB6}.Debug|x64.Build.0 = Debug|x64
		{8BBF10B0-014B-4DFB-B800-CCC6611E7AB6}.Debug|x64.Deploy.0 = Debug|x64
		{8BBF10B0-014B-4DFB-B800-CCC6611E7AB6}.Debug|x86.ActiveCfg = Debug|x86
		{8BBF10B0-014B-4DFB-B800-CCC6611E7AB6}.Debug|x86.Build.0 = Debug|x86
		{8BBF10B0-014B-4DFB-B800-CCC6611E7AB6}.Debug|x86.Deploy.0 = Debug|x86
		{8BBF10B0-014B-4DFB-B800-CCC6611E7AB6}.Release|Any CPU.ActiveCfg = Release|x86
		{8BBF10B0-014B-4DFB-B800-CCC6611E7AB6}.Release|ARM.ActiveCfg = Release|ARM
		{8BBF10B0-014B-4DFB-B800-CCC6611E7AB6}.Release|ARM.Build.0 = Release|ARM
		{8BBF10B0-014B-4DFB-B800-CCC6611E7AB6}.Release|ARM.Deploy.0 = Release|ARM
		{8BBF10B0-014B-4DFB-B800-CCC6611E7AB6}.Release|iPhone.ActiveCfg = Release|x86
		{8BBF10B0-014B-4DFB-B800-CCC6611E7AB6}.Release|iPhoneSimulator.ActiveCfg = Release|x86
		{8BBF10B0-014B-4DFB-B800-CCC6611E7AB6}.Release|x64.ActiveCfg = Release|x64
		{8BBF10B0-014B-4DFB-B800-CCC6611E7AB6}.Release|x64.Build.0 = Release|x64
		{8BBF10B0-014B-4DFB-B800-CCC6611E7AB6}.Release|x64.Deploy.0 = Release|x64
		{8BBF10B0-014B-4DFB-B800-CCC6611E7AB6}.Release|x86.ActiveCfg = Release|x86
		{8BBF10B0-014B-4DFB-B800-CCC6611E7AB6}.Release|x86.Build.0 = Release|x86
		{8BBF10B0-014B-4DFB-B800-CCC6611E7AB6}.Release|x86.Deploy.0 = Release|x86
		{BBCF703E-DEC7-4D98-AC6F-68BFAF121EB8}.Ad-Hoc|Any CPU.ActiveCfg = Debug|Any CPU
		{BBCF703E-DEC7-4D98-AC6F-68BFAF121EB8}.Ad-Hoc|Any CPU.Build.0 = Debug|Any CPU
		{BBCF703E-DEC7-4D98-AC6F-68BFAF121EB8}.Ad-Hoc|ARM.ActiveCfg = Debug|Any CPU
		{BBCF703E-DEC7-4D98-AC6F-68BFAF121EB8}.Ad-Hoc|ARM.Build.0 = Debug|Any CPU
		{BBCF703E-DEC7-4D98-AC6F-68BFAF121EB8}.Ad-Hoc|iPhone.ActiveCfg = Debug|Any CPU
		{BBCF703E-DEC7-4D98-AC6F-68BFAF121EB8}.Ad-Hoc|iPhone.Build.0 = Debug|Any CPU
		{BBCF703E-DEC7-4D98-AC6F-68BFAF121EB8}.Ad-Hoc|iPhoneSimulator.ActiveCfg = Debug|Any CPU
		{BBCF703E-DEC7-4D98-AC6F-68BFAF121EB8}.Ad-Hoc|iPhoneSimulator.Build.0 = Debug|Any CPU
		{BBCF703E-DEC7-4D98-AC6F-68BFAF121EB8}.Ad-Hoc|x64.ActiveCfg = Debug|Any CPU
		{BBCF703E-DEC7-4D98-AC6F-68BFAF121EB8}.Ad-Hoc|x64.Build.0 = Debug|Any CPU
		{BBCF703E-DEC7-4D98-AC6F-68BFAF121EB8}.Ad-Hoc|x86.ActiveCfg = Debug|Any CPU
		{BBCF703E-DEC7-4D98-AC6F-68BFAF121EB8}.Ad-Hoc|x86.Build.0 = Debug|Any CPU
		{BBCF703E-DEC7-4D98-AC6F-68BFAF121EB8}.AppStore|Any CPU.ActiveCfg = Debug|Any CPU
		{BBCF703E-DEC7-4D98-AC6F-68BFAF121EB8}.AppStore|Any CPU.Build.0 = Debug|Any CPU
		{BBCF703E-DEC7-4D98-AC6F-68BFAF121EB8}.AppStore|ARM.ActiveCfg = Debug|Any CPU
		{BBCF703E-DEC7-4D98-AC6F-68BFAF121EB8}.AppStore|ARM.Build.0 = Debug|Any CPU
		{BBCF703E-DEC7-4D98-AC6F-68BFAF121EB8}.AppStore|iPhone.ActiveCfg = Debug|Any CPU
		{BBCF703E-DEC7-4D98-AC6F-68BFAF121EB8}.AppStore|iPhone.Build.0 = Debug|Any CPU
		{BBCF703E-DEC7-4D98-AC6F-68BFAF121EB8}.AppStore|iPhoneSimulator.ActiveCfg = Debug|Any CPU
		{BBCF703E-DEC7-4D98-AC6F-68BFAF121EB8}.AppStore|iPhoneSimulator.Build.0 = Debug|Any CPU
		{BBCF703E-DEC7-4D98-AC6F-68BFAF121EB8}.AppStore|x64.ActiveCfg = Debug|Any CPU
		{BBCF703E-DEC7-4D98-AC6F-68BFAF121EB8}.AppStore|x64.Build.0 = Debug|Any CPU
		{BBCF703E-DEC7-4D98-AC6F-68BFAF121EB8}.AppStore|x86.ActiveCfg = Debug|Any CPU
		{BBCF703E-DEC7-4D98-AC6F-68BFAF121EB8}.AppStore|x86.Build.0 = Debug|Any CPU
		{BBCF703E-DEC7-4D98-AC6F-68BFAF121EB8}.Debug|Any CPU.ActiveCfg = Debug|Any CPU
		{BBCF703E-DEC7-4D98-AC6F-68BFAF121EB8}.Debug|Any CPU.Build.0 = Debug|Any CPU
		{BBCF703E-DEC7-4D98-AC6F-68BFAF121EB8}.Debug|ARM.ActiveCfg = Debug|Any CPU
		{BBCF703E-DEC7-4D98-AC6F-68BFAF121EB8}.Debug|ARM.Build.0 = Debug|Any CPU
		{BBCF703E-DEC7-4D98-AC6F-68BFAF121EB8}.Debug|iPhone.ActiveCfg = Debug|Any CPU
		{BBCF703E-DEC7-4D98-AC6F-68BFAF121EB8}.Debug|iPhone.Build.0 = Debug|Any CPU
		{BBCF703E-DEC7-4D98-AC6F-68BFAF121EB8}.Debug|iPhoneSimulator.ActiveCfg = Debug|Any CPU
		{BBCF703E-DEC7-4D98-AC6F-68BFAF121EB8}.Debug|iPhoneSimulator.Build.0 = Debug|Any CPU
		{BBCF703E-DEC7-4D98-AC6F-68BFAF121EB8}.Debug|x64.ActiveCfg = Debug|Any CPU
		{BBCF703E-DEC7-4D98-AC6F-68BFAF121EB8}.Debug|x64.Build.0 = Debug|Any CPU
		{BBCF703E-DEC7-4D98-AC6F-68BFAF121EB8}.Debug|x86.ActiveCfg = Debug|Any CPU
		{BBCF703E-DEC7-4D98-AC6F-68BFAF121EB8}.Debug|x86.Build.0 = Debug|Any CPU
		{BBCF703E-DEC7-4D98-AC6F-68BFAF121EB8}.Release|Any CPU.ActiveCfg = Release|Any CPU
		{BBCF703E-DEC7-4D98-AC6F-68BFAF121EB8}.Release|Any CPU.Build.0 = Release|Any CPU
		{BBCF703E-DEC7-4D98-AC6F-68BFAF121EB8}.Release|ARM.ActiveCfg = Release|Any CPU
		{BBCF703E-DEC7-4D98-AC6F-68BFAF121EB8}.Release|ARM.Build.0 = Release|Any CPU
		{BBCF703E-DEC7-4D98-AC6F-68BFAF121EB8}.Release|iPhone.ActiveCfg = Release|Any CPU
		{BBCF703E-DEC7-4D98-AC6F-68BFAF121EB8}.Release|iPhone.Build.0 = Release|Any CPU
		{BBCF703E-DEC7-4D98-AC6F-68BFAF121EB8}.Release|iPhoneSimulator.ActiveCfg = Release|Any CPU
		{BBCF703E-DEC7-4D98-AC6F-68BFAF121EB8}.Release|iPhoneSimulator.Build.0 = Release|Any CPU
		{BBCF703E-DEC7-4D98-AC6F-68BFAF121EB8}.Release|x64.ActiveCfg = Release|Any CPU
		{BBCF703E-DEC7-4D98-AC6F-68BFAF121EB8}.Release|x64.Build.0 = Release|Any CPU
		{BBCF703E-DEC7-4D98-AC6F-68BFAF121EB8}.Release|x86.ActiveCfg = Release|Any CPU
		{BBCF703E-DEC7-4D98-AC6F-68BFAF121EB8}.Release|x86.Build.0 = Release|Any CPU
	EndGlobalSection
	GlobalSection(SolutionProperties) = preSolution
		HideSolutionNode = FALSE
	EndGlobalSection
	GlobalSection(ExtensibilityGlobals) = postSolution
		SolutionGuid = {C661FF3B-CEE7-4BDF-B92D-9BCE85DB6688}
	EndGlobalSection
EndGlobal
